
Microsoft Visual Studio Solution File, Format Version 12.00
# Visual Studio Version 16
VisualStudioVersion = 16.0.31205.134
MinimumVisualStudioVersion = 10.0.40219.1
Project("{FAE04EC0-301F-11D3-BF4B-00C04F79EFBC}") = "Tarım_Borsa_v1.1", "Tarım_Borsa_v1.1\Tarım_Borsa_v1.1.csproj", "{5AFD15EE-996C-408D-87C0-A753FBD22590}"
EndProject
Global
	GlobalSection(SolutionConfigurationPlatforms) = preSolution
		Debug|Any CPU = Debug|Any CPU
		Release|Any CPU = Release|Any CPU
	EndGlobalSection
	GlobalSection(ProjectConfigurationPlatforms) = postSolution
		{5AFD15EE-996C-408D-87C0-A753FBD22590}.Debug|Any CPU.ActiveCfg = Debug|Any CPU
		{5AFD15EE-996C-408D-87C0-A753FBD22590}.Debug|Any CPU.Build.0 = Debug|Any CPU
		{5AFD15EE-996C-408D-87C0-A753FBD22590}.Release|Any CPU.ActiveCfg = Release|Any CPU
		{5AFD15EE-996C-408D-87C0-A753FBD22590}.Release|Any CPU.Build.0 = Release|Any CPU
	EndGlobalSection
	GlobalSection(SolutionProperties) = preSolution
		HideSolutionNode = FALSE
	EndGlobalSection
	GlobalSection(ExtensibilityGlobals) = postSolution
		SolutionGuid = {0083F5FE-3501-4CCA-A4B2-5473E7EF2D1D}
	EndGlobalSection
EndGlobal
